
Microsoft Visual Studio Solution File, Format Version 12.00
# Visual Studio Version 16
VisualStudioVersion = 16.0.31313.79
MinimumVisualStudioVersion = 10.0.40219.1
Project("{FAE04EC0-301F-11D3-BF4B-00C04F79EFBC}") = "ScoreStore", "ScoreStore.csproj", "{CCBD4F63-2F3A-470B-BE80-9B7ABEFB5776}"
EndProject
Global
	GlobalSection(SolutionConfigurationPlatforms) = preSolution
		Debug|Any CPU = Debug|Any CPU
		Release|Any CPU = Release|Any CPU
	EndGlobalSection
	GlobalSection(ProjectConfigurationPlatforms) = postSolution
		{CCBD4F63-2F3A-470B-BE80-9B7ABEFB5776}.Debug|Any CPU.ActiveCfg = Debug|Any CPU
		{CCBD4F63-2F3A-470B-BE80-9B7ABEFB5776}.Debug|Any CPU.Build.0 = Debug|Any CPU
		{CCBD4F63-2F3A-470B-BE80-9B7ABEFB5776}.Release|Any CPU.ActiveCfg = Release|Any CPU
		{CCBD4F63-2F3A-470B-BE80-9B7ABEFB5776}.Release|Any CPU.Build.0 = Release|Any CPU
	EndGlobalSection
	GlobalSection(SolutionProperties) = preSolution
		HideSolutionNode = FALSE
	EndGlobalSection
	GlobalSection(ExtensibilityGlobals) = postSolution
		SolutionGuid = {D0AE651F-968B-40C9-A419-809F4A9B53D3}
	EndGlobalSection
EndGlobal
